
Microsoft Visual Studio Solution File, Format Version 12.00
# Visual Studio Version 16
VisualStudioVersion = 16.0.29911.84
MinimumVisualStudioVersion = 10.0.40219.1
Project("{FAE04EC0-301F-11D3-BF4B-00C04F79EFBC}") = "atividade", "atividade\atividade.csproj", "{FDBC8B6E-29F0-4165-8AF0-F428DC450DB0}"
EndProject
Global
	GlobalSection(SolutionConfigurationPlatforms) = preSolution
		Debug|Any CPU = Debug|Any CPU
		Release|Any CPU = Release|Any CPU
	EndGlobalSection
	GlobalSection(ProjectConfigurationPlatforms) = postSolution
		{FDBC8B6E-29F0-4165-8AF0-F428DC450DB0}.Debug|Any CPU.ActiveCfg = Debug|Any CPU
		{FDBC8B6E-29F0-4165-8AF0-F428DC450DB0}.Debug|Any CPU.Build.0 = Debug|Any CPU
		{FDBC8B6E-29F0-4165-8AF0-F428DC450DB0}.Release|Any CPU.ActiveCfg = Release|Any CPU
		{FDBC8B6E-29F0-4165-8AF0-F428DC450DB0}.Release|Any CPU.Build.0 = Release|Any CPU
	EndGlobalSection
	GlobalSection(SolutionProperties) = preSolution
		HideSolutionNode = FALSE
	EndGlobalSection
	GlobalSection(ExtensibilityGlobals) = postSolution
		SolutionGuid = {9F486AC1-60EF-4A08-9C58-E8E805E6A7CE}
	EndGlobalSection
EndGlobal
